{
  "name": "alloy",
  "version": "2.5.0",
  "lockfileVersion": 3,
  "requires": true,
  "packages": {
    "": {
      "name": "alloy",
      "version": "2.5.0",
      "license": "ISC",
      "dependencies": {
        "ws": "^7.4.3"
      },
      "devDependencies": {}
    },
    "node_modules/ws": {
      "version": "7.4.3",
      "license": "MIT",
      "engines": {
        "node": ">=8.3.0"
      },
      "peerDependencies": {
        "bufferutil": "^4.0.1",
        "utf-8-validate": "^5.0.2"
      },
      "peerDependenciesMeta": {
        "bufferutil": {
          "optional": true
        },
        "utf-8-validate": {
          "optional": true
        }
      }
    }
  }
}
